
Microsoft Visual Studio Solution File, Format Version 12.00
# Visual Studio Version 16
VisualStudioVersion = 16.0.31025.194
MinimumVisualStudioVersion = 10.0.40219.1
Project("{9A19103F-16F7-4668-BE54-9A1E7A4F7556}") = "Procesio.API", "Procesio\Procesio.API.csproj", "{81AECF35-D8EA-4EF9-A45A-9864E9CA5DF5}"
EndProject
Project("{9A19103F-16F7-4668-BE54-9A1E7A4F7556}") = "Procesio.Core", "Domain\Procesio.Core.csproj", "{B80FD58A-6A13-43DA-8091-164590CB4B28}"
EndProject
Project("{9A19103F-16F7-4668-BE54-9A1E7A4F7556}") = "Procesio.Infrastructure", "Procesio.Infrastructure\Procesio.Infrastructure.csproj", "{FEA5B7A6-A00D-4E0D-B69F-9438A7C52047}"
EndProject
Project("{9A19103F-16F7-4668-BE54-9A1E7A4F7556}") = "Procesio.Application", "Procesio.Application\Procesio.Application.csproj", "{A381845D-0951-4C77-A23F-396BD775E61B}"
EndProject
Project("{FAE04EC0-301F-11D3-BF4B-00C04F79EFBC}") = "TestApp", "TestApp\TestApp.csproj", "{C13D2516-F2A8-432F-9502-2C725CE6732E}"
EndProject
Global
	GlobalSection(SolutionConfigurationPlatforms) = preSolution
		Debug|Any CPU = Debug|Any CPU
		Release|Any CPU = Release|Any CPU
	EndGlobalSection
	GlobalSection(ProjectConfigurationPlatforms) = postSolution
		{81AECF35-D8EA-4EF9-A45A-9864E9CA5DF5}.Debug|Any CPU.ActiveCfg = Debug|Any CPU
		{81AECF35-D8EA-4EF9-A45A-9864E9CA5DF5}.Debug|Any CPU.Build.0 = Debug|Any CPU
		{81AECF35-D8EA-4EF9-A45A-9864E9CA5DF5}.Release|Any CPU.ActiveCfg = Release|Any CPU
		{81AECF35-D8EA-4EF9-A45A-9864E9CA5DF5}.Release|Any CPU.Build.0 = Release|Any CPU
		{B80FD58A-6A13-43DA-8091-164590CB4B28}.Debug|Any CPU.ActiveCfg = Debug|Any CPU
		{B80FD58A-6A13-43DA-8091-164590CB4B28}.Debug|Any CPU.Build.0 = Debug|Any CPU
		{B80FD58A-6A13-43DA-8091-164590CB4B28}.Release|Any CPU.ActiveCfg = Release|Any CPU
		{B80FD58A-6A13-43DA-8091-164590CB4B28}.Release|Any CPU.Build.0 = Release|Any CPU
		{FEA5B7A6-A00D-4E0D-B69F-9438A7C52047}.Debug|Any CPU.ActiveCfg = Debug|Any CPU
		{FEA5B7A6-A00D-4E0D-B69F-9438A7C52047}.Debug|Any CPU.Build.0 = Debug|Any CPU
		{FEA5B7A6-A00D-4E0D-B69F-9438A7C52047}.Release|Any CPU.ActiveCfg = Release|Any CPU
		{FEA5B7A6-A00D-4E0D-B69F-9438A7C52047}.Release|Any CPU.Build.0 = Release|Any CPU
		{A381845D-0951-4C77-A23F-396BD775E61B}.Debug|Any CPU.ActiveCfg = Debug|Any CPU
		{A381845D-0951-4C77-A23F-396BD775E61B}.Debug|Any CPU.Build.0 = Debug|Any CPU
		{A381845D-0951-4C77-A23F-396BD775E61B}.Release|Any CPU.ActiveCfg = Release|Any CPU
		{A381845D-0951-4C77-A23F-396BD775E61B}.Release|Any CPU.Build.0 = Release|Any CPU
		{C13D2516-F2A8-432F-9502-2C725CE6732E}.Debug|Any CPU.ActiveCfg = Debug|Any CPU
		{C13D2516-F2A8-432F-9502-2C725CE6732E}.Debug|Any CPU.Build.0 = Debug|Any CPU
		{C13D2516-F2A8-432F-9502-2C725CE6732E}.Release|Any CPU.ActiveCfg = Release|Any CPU
		{C13D2516-F2A8-432F-9502-2C725CE6732E}.Release|Any CPU.Build.0 = Release|Any CPU
	EndGlobalSection
	GlobalSection(SolutionProperties) = preSolution
		HideSolutionNode = FALSE
	EndGlobalSection
	GlobalSection(ExtensibilityGlobals) = postSolution
		SolutionGuid = {3748B8D4-C520-4406-A109-DB27F5F21354}
	EndGlobalSection
EndGlobal
